
Microsoft Visual Studio Solution File, Format Version 12.00
# Visual Studio Version 17
VisualStudioVersion = 17.2.32616.157
MinimumVisualStudioVersion = 10.0.40219.1
Project("{9092AA53-FB77-4645-B42D-1CCCA6BD08BD}") = "OrderControlSystem.UI", "OrderControlSystem.UI\OrderControlSystem.UI.njsproj", "{E7495C72-F03E-475D-85F4-752FFB98A62F}"
EndProject
Project("{2150E333-8FDC-42A3-9474-1A3956D46DE8}") = "Solution Items", "Solution Items", "{FD1B11AF-F338-4E08-B274-54F484D63F93}"
	ProjectSection(SolutionItems) = preProject
		.editorconfig = .editorconfig
	EndProjectSection
EndProject
Project("{9A19103F-16F7-4668-BE54-9A1E7A4F7556}") = "OrderControlSystemWebApi", "OrderControlSystem.WebApi\OrderControlSystemWebApi.csproj", "{91215D37-4F7E-40C2-8E0F-CF8A9BD851B6}"
EndProject
Project("{9A19103F-16F7-4668-BE54-9A1E7A4F7556}") = "OrderControlSystem.BLL", "OrderControlSystem.BLL\OrderControlSystem.BLL.csproj", "{AC08CE3F-0584-4D6C-B334-B006C93F0C8E}"
EndProject
Project("{9A19103F-16F7-4668-BE54-9A1E7A4F7556}") = "OrderControlSystem.Core", "OrderControlSystem.Core\OrderControlSystem.Core.csproj", "{13AF2155-04A7-4834-B483-8AE4C1A6D68E}"
EndProject
Project("{9A19103F-16F7-4668-BE54-9A1E7A4F7556}") = "OrderControlSystem.DAL", "OrderControlSystem.DAL\OrderControlSystem.DAL.csproj", "{6D38A302-61A8-42EB-ADB1-40F16C156843}"
EndProject
Project("{FAE04EC0-301F-11D3-BF4B-00C04F79EFBC}") = "OrderControlSystemService", "OrderControlSystemService\OrderControlSystemService.csproj", "{B5D01525-099A-4696-8675-3B999929C9DA}"
EndProject
Global
	GlobalSection(SolutionConfigurationPlatforms) = preSolution
		Debug|Any CPU = Debug|Any CPU
		Release|Any CPU = Release|Any CPU
	EndGlobalSection
	GlobalSection(ProjectConfigurationPlatforms) = postSolution
		{E7495C72-F03E-475D-85F4-752FFB98A62F}.Debug|Any CPU.ActiveCfg = Debug|Any CPU
		{E7495C72-F03E-475D-85F4-752FFB98A62F}.Debug|Any CPU.Build.0 = Debug|Any CPU
		{E7495C72-F03E-475D-85F4-752FFB98A62F}.Release|Any CPU.ActiveCfg = Release|Any CPU
		{E7495C72-F03E-475D-85F4-752FFB98A62F}.Release|Any CPU.Build.0 = Release|Any CPU
		{91215D37-4F7E-40C2-8E0F-CF8A9BD851B6}.Debug|Any CPU.ActiveCfg = Debug|Any CPU
		{91215D37-4F7E-40C2-8E0F-CF8A9BD851B6}.Debug|Any CPU.Build.0 = Debug|Any CPU
		{91215D37-4F7E-40C2-8E0F-CF8A9BD851B6}.Release|Any CPU.ActiveCfg = Release|Any CPU
		{91215D37-4F7E-40C2-8E0F-CF8A9BD851B6}.Release|Any CPU.Build.0 = Release|Any CPU
		{AC08CE3F-0584-4D6C-B334-B006C93F0C8E}.Debug|Any CPU.ActiveCfg = Debug|Any CPU
		{AC08CE3F-0584-4D6C-B334-B006C93F0C8E}.Debug|Any CPU.Build.0 = Debug|Any CPU
		{AC08CE3F-0584-4D6C-B334-B006C93F0C8E}.Release|Any CPU.ActiveCfg = Release|Any CPU
		{AC08CE3F-0584-4D6C-B334-B006C93F0C8E}.Release|Any CPU.Build.0 = Release|Any CPU
		{13AF2155-04A7-4834-B483-8AE4C1A6D68E}.Debug|Any CPU.ActiveCfg = Debug|Any CPU
		{13AF2155-04A7-4834-B483-8AE4C1A6D68E}.Debug|Any CPU.Build.0 = Debug|Any CPU
		{13AF2155-04A7-4834-B483-8AE4C1A6D68E}.Release|Any CPU.ActiveCfg = Release|Any CPU
		{13AF2155-04A7-4834-B483-8AE4C1A6D68E}.Release|Any CPU.Build.0 = Release|Any CPU
		{6D38A302-61A8-42EB-ADB1-40F16C156843}.Debug|Any CPU.ActiveCfg = Debug|Any CPU
		{6D38A302-61A8-42EB-ADB1-40F16C156843}.Debug|Any CPU.Build.0 = Debug|Any CPU
		{6D38A302-61A8-42EB-ADB1-40F16C156843}.Release|Any CPU.ActiveCfg = Release|Any CPU
		{6D38A302-61A8-42EB-ADB1-40F16C156843}.Release|Any CPU.Build.0 = Release|Any CPU
		{B5D01525-099A-4696-8675-3B999929C9DA}.Debug|Any CPU.ActiveCfg = Debug|Any CPU
		{B5D01525-099A-4696-8675-3B999929C9DA}.Debug|Any CPU.Build.0 = Debug|Any CPU
		{B5D01525-099A-4696-8675-3B999929C9DA}.Release|Any CPU.ActiveCfg = Release|Any CPU
		{B5D01525-099A-4696-8675-3B999929C9DA}.Release|Any CPU.Build.0 = Release|Any CPU
	EndGlobalSection
	GlobalSection(SolutionProperties) = preSolution
		HideSolutionNode = FALSE
	EndGlobalSection
	GlobalSection(ExtensibilityGlobals) = postSolution
		SolutionGuid = {0563CC0D-92FC-46E1-9B51-19359C8368CC}
	EndGlobalSection
EndGlobal
